// !$*UTF8*$!
{
	archiveVersion = 1;
	classes = {
	};
	objectVersion = 46;
	objects = {

/* Begin PBXBuildFile section */
		8E557CAC1EE542A900ACAAED /* AppDelegate.swift in Sources */ = {isa = PBXBuildFile; fileRef = 8E557CAB1EE542A900ACAAED /* AppDelegate.swift */; };
		8E557CAE1EE542A900ACAAED /* ViewController.swift in Sources */ = {isa = PBXBuildFile; fileRef = 8E557CAD1EE542A900ACAAED /* ViewController.swift */; };
		8E557CB11EE542A900ACAAED /* Main.storyboard in Resources */ = {isa = PBXBuildFile; fileRef = 8E557CAF1EE542A900ACAAED /* Main.storyboard */; };
		8E557CB31EE542A900ACAAED /* Assets.xcassets in Resources */ = {isa = PBXBuildFile; fileRef = 8E557CB21EE542A900ACAAED /* Assets.xcassets */; };
		8E557CB61EE542A900ACAAED /* LaunchScreen.storyboard in Resources */ = {isa = PBXBuildFile; fileRef = 8E557CB41EE542A900ACAAED /* LaunchScreen.storyboard */; };
		8E557CBE1EE5518500ACAAED /* TableViewCell.swift in Sources */ = {isa = PBXBuildFile; fileRef = 8E557CBD1EE5518500ACAAED /* TableViewCell.swift */; };
		8E557CC01EE567A000ACAAED /* image2.jpg in Resources */ = {isa = PBXBuildFile; fileRef = 8E557CBF1EE567A000ACAAED /* image2.jpg */; };
		8E557CC21EE567A700ACAAED /* image1.jpg in Resources */ = {isa = PBXBuildFile; fileRef = 8E557CC11EE567A700ACAAED /* image1.jpg */; };
		8E557CC41EE5689E00ACAAED /* TableViewCell2.swift in Sources */ = {isa = PBXBuildFile; fileRef = 8E557CC31EE5689E00ACAAED /* TableViewCell2.swift */; };
		8E557CC61EE5714200ACAAED /* Cell1.xib in Resources */ = {isa = PBXBuildFile; fileRef = 8E557CC51EE5714200ACAAED /* Cell1.xib */; };
		8E557CC81EE571A600ACAAED /* Cell2.xib in Resources */ = {isa = PBXBuildFile; fileRef = 8E557CC71EE571A600ACAAED /* Cell2.xib */; };
/* End PBXBuildFile section */

/* Begin PBXFileReference section */
		8E557CA81EE542A900ACAAED /* SimpleTableView.app */ = {isa = PBXFileReference; explicitFileType = wrapper.application; includeInIndex = 0; path = SimpleTableView.app; sourceTree = BUILT_PRODUCTS_DIR; };
		8E557CAB1EE542A900ACAAED /* AppDelegate.swift */ = {isa = PBXFileReference; lastKnownFileType = sourcecode.swift; path = AppDelegate.swift; sourceTree = "<group>"; };
		8E557CAD1EE542A900ACAAED /* ViewController.swift */ = {isa = PBXFileReference; lastKnownFileType = sourcecode.swift; path = ViewController.swift; sourceTree = "<group>"; };
		8E557CB01EE542A900ACAAED /* Base */ = {isa = PBXFileReference; lastKnownFileType = file.storyboard; name = Base; path = Base.lproj/Main.storyboard; sourceTree = "<group>"; };
		8E557CB21EE542A900ACAAED /* Assets.xcassets */ = {isa = PBXFileReference; lastKnownFileType = folder.assetcatalog; path = Assets.xcassets; sourceTree = "<group>"; };
		8E557CB51EE542A900ACAAED /* Base */ = {isa = PBXFileReference; lastKnownFileType = file.storyboard; name = Base; path = Base.lproj/LaunchScreen.storyboard; sourceTree = "<group>"; };
		8E557CB71EE542A900ACAAED /* Info.plist */ = {isa = PBXFileReference; lastKnownFileType = text.plist.xml; path = Info.plist; sourceTree = "<group>"; };
		8E557CBD1EE5518500ACAAED /* TableViewCell.swift */ = {isa = PBXFileReference; fileEncoding = 4; lastKnownFileType = sourcecode.swift; path = TableViewCell.swift; sourceTree = "<group>"; };
		8E557CBF1EE567A000ACAAED /* image2.jpg */ = {isa = PBXFileReference; lastKnownFileType = image.jpeg; path = image2.jpg; sourceTree = "<group>"; };
		8E557CC11EE567A700ACAAED /* image1.jpg */ = {isa = PBXFileReference; lastKnownFileType = image.jpeg; path = image1.jpg; sourceTree = "<group>"; };
		8E557CC31EE5689E00ACAAED /* TableViewCell2.swift */ = {isa = PBXFileReference; fileEncoding = 4; lastKnownFileType = sourcecode.swift; path = TableViewCell2.swift; sourceTree = "<group>"; };
		8E557CC51EE5714200ACAAED /* Cell1.xib */ = {isa = PBXFileReference; fileEncoding = 4; lastKnownFileType = file.xib; path = Cell1.xib; sourceTree = "<group>"; };
		8E557CC71EE571A600ACAAED /* Cell2.xib */ = {isa = PBXFileReference; fileEncoding = 4; lastKnownFileType = file.xib; name = Cell2.xib; path = ../Cell2.xib; sourceTree = "<group>"; };
/* End PBXFileReference section */

/* Begin PBXFrameworksBuildPhase section */
		8E557CA51EE542A900ACAAED /* Frameworks */ = {
			isa = PBXFrameworksBuildPhase;
			buildActionMask = 2147483647;
			files = (
			);
			runOnlyForDeploymentPostprocessing = 0;
		};
/* End PBXFrameworksBuildPhase section */

/* Begin PBXGroup section */
		8E557C9F1EE542A800ACAAED = {
			isa = PBXGroup;
			children = (
				8E557CAA1EE542A900ACAAED /* SimpleTableView */,
				8E557CA91EE542A900ACAAED /* Products */,
			);
			sourceTree = "<group>";
		};
		8E557CA91EE542A900ACAAED /* Products */ = {
			isa = PBXGroup;
			children = (
				8E557CA81EE542A900ACAAED /* SimpleTableView.app */,
			);
			name = Products;
			sourceTree = "<group>";
		};
		8E557CAA1EE542A900ACAAED /* SimpleTableView */ = {
			isa = PBXGroup;
			children = (
				8E557CC11EE567A700ACAAED /* image1.jpg */,
				8E557CBF1EE567A000ACAAED /* image2.jpg */,
				8E557CAB1EE542A900ACAAED /* AppDelegate.swift */,
				8E557CAD1EE542A900ACAAED /* ViewController.swift */,
				8E557CAF1EE542A900ACAAED /* Main.storyboard */,
				8E557CB21EE542A900ACAAED /* Assets.xcassets */,
				8E557CB41EE542A900ACAAED /* LaunchScreen.storyboard */,
				8E557CB71EE542A900ACAAED /* Info.plist */,
				8E557CBD1EE5518500ACAAED /* TableViewCell.swift */,
				8E557CC31EE5689E00ACAAED /* TableViewCell2.swift */,
				8E557CC71EE571A600ACAAED /* Cell2.xib */,
				8E557CC51EE5714200ACAAED /* Cell1.xib */,
			);
			path = SimpleTableView;
			sourceTree = "<group>";
		};
/* End PBXGroup section */

/* Begin PBXNativeTarget section */
		8E557CA71EE542A900ACAAED /* SimpleTableView */ = {
			isa = PBXNativeTarget;
			buildConfigurationList = 8E557CBA1EE542A900ACAAED /* Build configuration list for PBXNativeTarget "SimpleTableView" */;
			buildPhases = (
				8E557CA41EE542A900ACAAED /* Sources */,
				8E557CA51EE542A900ACAAED /* Frameworks */,
				8E557CA61EE542A900ACAAED /* Resources */,
			);
			buildRules = (
			);
			dependencies = (
			);
			name = SimpleTableView;
			productName = SimpleTableView;
			productReference = 8E557CA81EE542A900ACAAED /* SimpleTableView.app */;
			productType = "com.apple.product-type.application";
		};
/* End PBXNativeTarget section */

/* Begin PBXProject section */
		8E557CA01EE542A800ACAAED /* Project object */ = {
			isa = PBXProject;
			attributes = {
				LastSwiftUpdateCheck = 0830;
				LastUpgradeCheck = 0830;
				ORGANIZATIONNAME = "test ss";
				TargetAttributes = {
					8E557CA71EE542A900ACAAED = {
						CreatedOnToolsVersion = 8.3;
						ProvisioningStyle = Automatic;
					};
				};
			};
			buildConfigurationList = 8E557CA31EE542A800ACAAED /* Build configuration list for PBXProject "SimpleTableView" */;
			compatibilityVersion = "Xcode 3.2";
			developmentRegion = English;
			hasScannedForEncodings = 0;
			knownRegions = (
				en,
				Base,
			);
			mainGroup = 8E557C9F1EE542A800ACAAED;
			productRefGroup = 8E557CA91EE542A900ACAAED /* Products */;
			projectDirPath = "";
			projectRoot = "";
			targets = (
				8E557CA71EE542A900ACAAED /* SimpleTableView */,
			);
		};
/* End PBXProject section */

/* Begin PBXResourcesBuildPhase section */
		8E557CA61EE542A900ACAAED /* Resources */ = {
			isa = PBXResourcesBuildPhase;
			buildActionMask = 2147483647;
			files = (
				8E557CB61EE542A900ACAAED /* LaunchScreen.storyboard in Resources */,
				8E557CC61EE5714200ACAAED /* Cell1.xib in Resources */,
				8E557CC81EE571A600ACAAED /* Cell2.xib in Resources */,
				8E557CB31EE542A900ACAAED /* Assets.xcassets in Resources */,
				8E557CC01EE567A000ACAAED /* image2.jpg in Resources */,
				8E557CC21EE567A700ACAAED /* image1.jpg in Resources */,
				8E557CB11EE542A900ACAAED /* Main.storyboard in Resources */,
			);
			runOnlyForDeploymentPostprocessing = 0;
		};
/* End PBXResourcesBuildPhase section */

/* Begin PBXSourcesBuildPhase section */
		8E557CA41EE542A900ACAAED /* Sources */ = {
			isa = PBXSourcesBuildPhase;
			buildActionMask = 2147483647;
			files = (
				8E557CC41EE5689E00ACAAED /* TableViewCell2.swift in Sources */,
				8E557CBE1EE5518500ACAAED /* TableViewCell.swift in Sources */,
				8E557CAE1EE542A900ACAAED /* ViewController.swift in Sources */,
				8E557CAC1EE542A900ACAAED /* AppDelegate.swift in Sources */,
			);
			runOnlyForDeploymentPostprocessing = 0;
		};
/* End PBXSourcesBuildPhase section */

/* Begin PBXVariantGroup section */
		8E557CAF1EE542A900ACAAED /* Main.storyboard */ = {
			isa = PBXVariantGroup;
			children = (
				8E557CB01EE542A900ACAAED /* Base */,
			);
			name = Main.storyboard;
			sourceTree = "<group>";
		};
		8E557CB41EE542A900ACAAED /* LaunchScreen.storyboard */ = {
			isa = PBXVariantGroup;
			children = (
				8E557CB51EE542A900ACAAED /* Base */,
			);
			name = LaunchScreen.storyboard;
			sourceTree = "<group>";
		};
/* End PBXVariantGroup section */

/* Begin XCBuildConfiguration section */
		8E557CB81EE542A900ACAAED /* Debug */ = {
			isa = XCBuildConfiguration;
			buildSettings = {
				ALWAYS_SEARCH_USER_PATHS = NO;
				CLANG_ANALYZER_NONNULL = YES;
				CLANG_ANALYZER_NUMBER_OBJECT_CONVERSION = YES_AGGRESSIVE;
				CLANG_CXX_LANGUAGE_STANDARD = "gnu++0x";
				CLANG_CXX_LIBRARY = "libc++";
				CLANG_ENABLE_MODULES = YES;
				CLANG_ENABLE_OBJC_ARC = YES;
				CLANG_WARN_BOOL_CONVERSION = YES;
				CLANG_WARN_CONSTANT_CONVERSION = YES;
				CLANG_WARN_DIRECT_OBJC_ISA_USAGE = YES_ERROR;
				CLANG_WARN_DOCUMENTATION_COMMENTS = YES;
				CLANG_WARN_EMPTY_BODY = YES;
				CLANG_WARN_ENUM_CONVERSION = YES;
				CLANG_WARN_INFINITE_RECURSION = YES;
				CLANG_WARN_INT_CONVERSION = YES;
				CLANG_WARN_OBJC_ROOT_CLASS = YES_ERROR;
				CLANG_WARN_SUSPICIOUS_MOVE = YES;
				CLANG_WARN_UNREACHABLE_CODE = YES;
				CLANG_WARN__DUPLICATE_METHOD_MATCH = YES;
				"CODE_SIGN_IDENTITY[sdk=iphoneos*]" = "iPhone Developer";
				COPY_PHASE_STRIP = NO;
				DEBUG_INFORMATION_FORMAT = dwarf;
				ENABLE_STRICT_OBJC_MSGSEND = YES;
				ENABLE_TESTABILITY = YES;
				GCC_C_LANGUAGE_STANDARD = gnu99;
				GCC_DYNAMIC_NO_PIC = NO;
				GCC_NO_COMMON_BLOCKS = YES;
				GCC_OPTIMIZATION_LEVEL = 0;
				GCC_PREPROCESSOR_DEFINITIONS = (
					"DEBUG=1",
					"$(inherited)",
				);
				GCC_WARN_64_TO_32_BIT_CONVERSION = YES;
				GCC_WARN_ABOUT_RETURN_TYPE = YES_ERROR;
				GCC_WARN_UNDECLARED_SELECTOR = YES;
				GCC_WARN_UNINITIALIZED_AUTOS = YES_AGGRESSIVE;
				GCC_WARN_UNUSED_FUNCTION = YES;
				GCC_WARN_UNUSED_VARIABLE = YES;
				IPHONEOS_DEPLOYMENT_TARGET = 10.3;
				MTL_ENABLE_DEBUG_INFO = YES;
				ONLY_ACTIVE_ARCH = YES;
				SDKROOT = iphoneos;
				SWIFT_ACTIVE_COMPILATION_CONDITIONS = DEBUG;
				SWIFT_OPTIMIZATION_LEVEL = "-Onone";
				TARGETED_DEVICE_FAMILY = "1,2";
			};
			name = Debug;
		};
		8E557CB91EE542A900ACAAED /* Release */ = {
			isa = XCBuildConfiguration;
			buildSettings = {
				ALWAYS_SEARCH_USER_PATHS = NO;
				CLANG_ANALYZER_NONNULL = YES;
				CLANG_ANALYZER_NUMBER_OBJECT_CONVERSION = YES_AGGRESSIVE;
				CLANG_CXX_LANGUAGE_STANDARD = "gnu++0x";
				CLANG_CXX_LIBRARY = "libc++";
				CLANG_ENABLE_MODULES = YES;
				CLANG_ENABLE_OBJC_ARC = YES;
				CLANG_WARN_BOOL_CONVERSION = YES;
				CLANG_WARN_CONSTANT_CONVERSION = YES;
				CLANG_WARN_DIRECT_OBJC_ISA_USAGE = YES_ERROR;
				CLANG_WARN_DOCUMENTATION_COMMENTS = YES;
				CLANG_WARN_EMPTY_BODY = YES;
				CLANG_WARN_ENUM_CONVERSION = YES;
				CLANG_WARN_INFINITE_RECURSION = YES;
				CLANG_WARN_INT_CONVERSION = YES;
				CLANG_WARN_OBJC_ROOT_CLASS = YES_ERROR;
				CLANG_WARN_SUSPICIOUS_MOVE = YES;
				CLANG_WARN_UNREACHABLE_CODE = YES;
				CLANG_WARN__DUPLICATE_METHOD_MATCH = YES;
				"CODE_SIGN_IDENTITY[sdk=iphoneos*]" = "iPhone Developer";
				COPY_PHASE_STRIP = NO;
				DEBUG_INFORMATION_FORMAT = "dwarf-with-dsym";
				ENABLE_NS_ASSERTIONS = NO;
				ENABLE_STRICT_OBJC_MSGSEND = YES;
				GCC_C_LANGUAGE_STANDARD = gnu99;
				GCC_NO_COMMON_BLOCKS = YES;
				GCC_WARN_64_TO_32_BIT_CONVERSION = YES;
				GCC_WARN_ABOUT_RETURN_TYPE = YES_ERROR;
				GCC_WARN_UNDECLARED_SELECTOR = YES;
				GCC_WARN_UNINITIALIZED_AUTOS = YES_AGGRESSIVE;
				GCC_WARN_UNUSED_FUNCTION = YES;
				GCC_WARN_UNUSED_VARIABLE = YES;
				IPHONEOS_DEPLOYMENT_TARGET = 10.3;
				MTL_ENABLE_DEBUG_INFO = NO;
				SDKROOT = iphoneos;
				SWIFT_OPTIMIZATION_LEVEL = "-Owholemodule";
				TARGETED_DEVICE_FAMILY = "1,2";
				VALIDATE_PRODUCT = YES;
			};
			name = Release;
		};
		8E557CBB1EE542A900ACAAED /* Debug */ = {
			isa = XCBuildConfiguration;
			buildSettings = {
				ASSETCATALOG_COMPILER_APPICON_NAME = AppIcon;
				INFOPLIST_FILE = SimpleTableView/Info.plist;
				LD_RUNPATH_SEARCH_PATHS = "$(inherited) @executable_path/Frameworks";
				PRODUCT_BUNDLE_IDENTIFIER = com.mycompany.SimpleTableView;
				PRODUCT_NAME = "$(TARGET_NAME)";
				SWIFT_VERSION = 3.0;
			};
			name = Debug;
		};
		8E557CBC1EE542A900ACAAED /* Release */ = {
			isa = XCBuildConfiguration;
			buildSettings = {
				ASSETCATALOG_COMPILER_APPICON_NAME = AppIcon;
				INFOPLIST_FILE = SimpleTableView/Info.plist;
				LD_RUNPATH_SEARCH_PATHS = "$(inherited) @executable_path/Frameworks";
				PRODUCT_BUNDLE_IDENTIFIER = com.mycompany.SimpleTableView;
				PRODUCT_NAME = "$(TARGET_NAME)";
				SWIFT_VERSION = 3.0;
			};
			name = Release;
		};
/* End XCBuildConfiguration section */

/* Begin XCConfigurationList section */
		8E557CA31EE542A800ACAAED /* Build configuration list for PBXProject "SimpleTableView" */ = {
			isa = XCConfigurationList;
			buildConfigurations = (
				8E557CB81EE542A900ACAAED /* Debug */,
				8E557CB91EE542A900ACAAED /* Release */,
			);
			defaultConfigurationIsVisible = 0;
			defaultConfigurationName = Release;
		};
		8E557CBA1EE542A900ACAAED /* Build configuration list for PBXNativeTarget "SimpleTableView" */ = {
			isa = XCConfigurationList;
			buildConfigurations = (
				8E557CBB1EE542A900ACAAED /* Debug */,
				8E557CBC1EE542A900ACAAED /* Release */,
			);
			defaultConfigurationIsVisible = 0;
			defaultConfigurationName = Release;
		};
/* End XCConfigurationList section */
	};
	rootObject = 8E557CA01EE542A800ACAAED /* Project object */;
}
